<Solution>
  <Folder Name="/src/">
    <Project Path="src/Ratillery.Core/Ratillery.Core.csproj" />
    <Project Path="src/Ratillery.Game/Ratillery.Game.csproj" />
  </Folder>
  <Folder Name="/tests/">
    <Project Path="tests/Ratillery.Core.Tests/Ratillery.Core.Tests.csproj" />
    <Project Path="tests/Ratillery.AssetProcessor.Tests/Ratillery.AssetProcessor.Tests.csproj" />
  </Folder>
  <Folder Name="/tools/">
    <Project Path="tools/Ratillery.AssetProcessor/Ratillery.AssetProcessor.csproj" />
  </Folder>
</Solution>
